// !$*UTF8*$!
{
	archiveVersion = 1;
	classes = {
	};
	objectVersion = 56;
	objects = {

/* Begin PBXBuildFile section */
		E700E4C129BC3154005ABA07 /* PayListView.swift in Sources */ = {isa = PBXBuildFile; fileRef = E700E4C029BC3154005ABA07 /* PayListView.swift */; };
		E756412C29BC517B001AD73F /* SearchNavView.swift in Sources */ = {isa = PBXBuildFile; fileRef = E756412B29BC517B001AD73F /* SearchNavView.swift */; };
		E756412F29BCA424001AD73F /* Carousel3D.swift in Sources */ = {isa = PBXBuildFile; fileRef = E756412E29BCA424001AD73F /* Carousel3D.swift */; };
		E756413229BD68C3001AD73F /* OrderAttributes.swift in Sources */ = {isa = PBXBuildFile; fileRef = E756413129BD68C3001AD73F /* OrderAttributes.swift */; };
		E756413329BD68C3001AD73F /* OrderAttributes.swift in Sources */ = {isa = PBXBuildFile; fileRef = E756413129BD68C3001AD73F /* OrderAttributes.swift */; };
		E756413529BD71DB001AD73F /* WidgetView.swift in Sources */ = {isa = PBXBuildFile; fileRef = E756413429BD71DB001AD73F /* WidgetView.swift */; };
		E756413929BF59BE001AD73F /* MapBottomSheetView.swift in Sources */ = {isa = PBXBuildFile; fileRef = E756413829BF59BE001AD73F /* MapBottomSheetView.swift */; };
		E756413B29BF59E2001AD73F /* AlbumModel.swift in Sources */ = {isa = PBXBuildFile; fileRef = E756413A29BF59E2001AD73F /* AlbumModel.swift */; };
		E756413E29BF6D8B001AD73F /* BallAnimationView.swift in Sources */ = {isa = PBXBuildFile; fileRef = E756413D29BF6D8B001AD73F /* BallAnimationView.swift */; };
		E756414329C0B04E001AD73F /* BookHomeView.swift in Sources */ = {isa = PBXBuildFile; fileRef = E756414029C0B04E001AD73F /* BookHomeView.swift */; };
		E756414429C0B04E001AD73F /* Book.swift in Sources */ = {isa = PBXBuildFile; fileRef = E756414129C0B04E001AD73F /* Book.swift */; };
		E756414529C0B04E001AD73F /* IsometricView.swift in Sources */ = {isa = PBXBuildFile; fileRef = E756414229C0B04E001AD73F /* IsometricView.swift */; };
		E756414929C0B242001AD73F /* IntroView.swift in Sources */ = {isa = PBXBuildFile; fileRef = E756414729C0B242001AD73F /* IntroView.swift */; };
		E756414A29C0B242001AD73F /* Intro.swift in Sources */ = {isa = PBXBuildFile; fileRef = E756414829C0B242001AD73F /* Intro.swift */; };
		E756414E29C0B47D001AD73F /* SwipeCardView.swift in Sources */ = {isa = PBXBuildFile; fileRef = E756414C29C0B47D001AD73F /* SwipeCardView.swift */; };
		E756414F29C0B47D001AD73F /* Message.swift in Sources */ = {isa = PBXBuildFile; fileRef = E756414D29C0B47D001AD73F /* Message.swift */; };
		E79A2EB929AE38D100916D7E /* WidgetKit.framework in Frameworks */ = {isa = PBXBuildFile; fileRef = E79A2EB829AE38D100916D7E /* WidgetKit.framework */; };
		E79A2EBB29AE38D100916D7E /* SwiftUI.framework in Frameworks */ = {isa = PBXBuildFile; fileRef = E79A2EBA29AE38D100916D7E /* SwiftUI.framework */; };
		E79A2EBE29AE38D100916D7E /* CryptoWidgetBundle.swift in Sources */ = {isa = PBXBuildFile; fileRef = E79A2EBD29AE38D100916D7E /* CryptoWidgetBundle.swift */; };
		E79A2EC029AE38D100916D7E /* CryptoWidgetLiveActivity.swift in Sources */ = {isa = PBXBuildFile; fileRef = E79A2EBF29AE38D100916D7E /* CryptoWidgetLiveActivity.swift */; };
		E79A2EC229AE38D100916D7E /* CryptoWidget.swift in Sources */ = {isa = PBXBuildFile; fileRef = E79A2EC129AE38D100916D7E /* CryptoWidget.swift */; };
		E79A2EC529AE38D200916D7E /* Assets.xcassets in Resources */ = {isa = PBXBuildFile; fileRef = E79A2EC429AE38D200916D7E /* Assets.xcassets */; };
		E79A2EC729AE38D200916D7E /* CryptoWidget.intentdefinition in Sources */ = {isa = PBXBuildFile; fileRef = E79A2EC329AE38D100916D7E /* CryptoWidget.intentdefinition */; };
		E79A2EC829AE38D200916D7E /* CryptoWidget.intentdefinition in Sources */ = {isa = PBXBuildFile; fileRef = E79A2EC329AE38D100916D7E /* CryptoWidget.intentdefinition */; };
		E79A2ECB29AE38D200916D7E /* CryptoWidgetExtension.appex in Embed Foundation Extensions */ = {isa = PBXBuildFile; fileRef = E79A2EB629AE38D100916D7E /* CryptoWidgetExtension.appex */; settings = {ATTRIBUTES = (RemoveHeadersOnCopy, ); }; };
		E79A2ED129AE46F200916D7E /* data.json in Resources */ = {isa = PBXBuildFile; fileRef = E79A2ED029AE46F200916D7E /* data.json */; };
		E79A2ED429AF937100916D7E /* VerifyCode.swift in Sources */ = {isa = PBXBuildFile; fileRef = E79A2ED329AF937100916D7E /* VerifyCode.swift */; };
		E79A2ED729B0E47B00916D7E /* TopTab.swift in Sources */ = {isa = PBXBuildFile; fileRef = E79A2ED629B0E47B00916D7E /* TopTab.swift */; };
		E79A2ED929B0E48F00916D7E /* DetailView.swift in Sources */ = {isa = PBXBuildFile; fileRef = E79A2ED829B0E48F00916D7E /* DetailView.swift */; };
		E79A2EDC29B0F36800916D7E /* DropDownView.swift in Sources */ = {isa = PBXBuildFile; fileRef = E79A2EDB29B0F36800916D7E /* DropDownView.swift */; };
		E79A2EDF29B2436C00916D7E /* RollingText.swift in Sources */ = {isa = PBXBuildFile; fileRef = E79A2EDE29B2436C00916D7E /* RollingText.swift */; };
		E7B0123D29A1B877008947AF /* SwiftUIDemoApp.swift in Sources */ = {isa = PBXBuildFile; fileRef = E7B0123C29A1B877008947AF /* SwiftUIDemoApp.swift */; };
		E7B0123F29A1B877008947AF /* ContentView.swift in Sources */ = {isa = PBXBuildFile; fileRef = E7B0123E29A1B877008947AF /* ContentView.swift */; };
		E7B0124129A1B878008947AF /* Assets.xcassets in Resources */ = {isa = PBXBuildFile; fileRef = E7B0124029A1B878008947AF /* Assets.xcassets */; };
		E7B0124429A1B878008947AF /* Preview Assets.xcassets in Resources */ = {isa = PBXBuildFile; fileRef = E7B0124329A1B878008947AF /* Preview Assets.xcassets */; };
		E7B0124E29A1C0D5008947AF /* TinderCard.swift in Sources */ = {isa = PBXBuildFile; fileRef = E7B0124D29A1C0D5008947AF /* TinderCard.swift */; };
		E7B0125029A1DF85008947AF /* User.swift in Sources */ = {isa = PBXBuildFile; fileRef = E7B0124F29A1DF85008947AF /* User.swift */; };
		E7B0125229A1E073008947AF /* HomeViewModel.swift in Sources */ = {isa = PBXBuildFile; fileRef = E7B0125129A1E073008947AF /* HomeViewModel.swift */; };
		E7B0125429A1E2BD008947AF /* StackCardView.swift in Sources */ = {isa = PBXBuildFile; fileRef = E7B0125329A1E2BD008947AF /* StackCardView.swift */; };
		E7B0125829A1FC66008947AF /* ClockView.swift in Sources */ = {isa = PBXBuildFile; fileRef = E7B0125729A1FC66008947AF /* ClockView.swift */; };
		E7B0125F29A20E59008947AF /* YFHeartLike.swift in Sources */ = {isa = PBXBuildFile; fileRef = E7B0125B29A20E59008947AF /* YFHeartLike.swift */; };
		E7B0126029A20E59008947AF /* LikeHome.swift in Sources */ = {isa = PBXBuildFile; fileRef = E7B0125C29A20E59008947AF /* LikeHome.swift */; };
		E7B0126129A20E59008947AF /* Post.swift in Sources */ = {isa = PBXBuildFile; fileRef = E7B0125E29A20E59008947AF /* Post.swift */; };
		E7FC331829A79F5400EA19B7 /* ViewLoop.swift in Sources */ = {isa = PBXBuildFile; fileRef = E7FC331729A79F5400EA19B7 /* ViewLoop.swift */; };
		E7FC331B29A7A4A700EA19B7 /* TaskManager.swift in Sources */ = {isa = PBXBuildFile; fileRef = E7FC331A29A7A4A700EA19B7 /* TaskManager.swift */; };
		E7FC331D29A7A77B00EA19B7 /* Ubuntu.swift in Sources */ = {isa = PBXBuildFile; fileRef = E7FC331C29A7A77B00EA19B7 /* Ubuntu.swift */; };
		E7FC332129A7C29F00EA19B7 /* AddTaskView.swift in Sources */ = {isa = PBXBuildFile; fileRef = E7FC332029A7C29F00EA19B7 /* AddTaskView.swift */; };
/* End PBXBuildFile section */

/* Begin PBXContainerItemProxy section */
		E79A2EC929AE38D200916D7E /* PBXContainerItemProxy */ = {
			isa = PBXContainerItemProxy;
			containerPortal = E7B0123129A1B877008947AF /* Project object */;
			proxyType = 1;
			remoteGlobalIDString = E79A2EB529AE38D100916D7E;
			remoteInfo = CryptoWidgetExtension;
		};
/* End PBXContainerItemProxy section */

/* Begin PBXCopyFilesBuildPhase section */
		E79A2ECF29AE38D200916D7E /* Embed Foundation Extensions */ = {
			isa = PBXCopyFilesBuildPhase;
			buildActionMask = 2147483647;
			dstPath = "";
			dstSubfolderSpec = 13;
			files = (
				E79A2ECB29AE38D200916D7E /* CryptoWidgetExtension.appex in Embed Foundation Extensions */,
			);
			name = "Embed Foundation Extensions";
			runOnlyForDeploymentPostprocessing = 0;
		};
/* End PBXCopyFilesBuildPhase section */

/* Begin PBXFileReference section */
		E700E4C029BC3154005ABA07 /* PayListView.swift */ = {isa = PBXFileReference; lastKnownFileType = sourcecode.swift; path = PayListView.swift; sourceTree = "<group>"; };
		E756412B29BC517B001AD73F /* SearchNavView.swift */ = {isa = PBXFileReference; lastKnownFileType = sourcecode.swift; path = SearchNavView.swift; sourceTree = "<group>"; };
		E756412E29BCA424001AD73F /* Carousel3D.swift */ = {isa = PBXFileReference; lastKnownFileType = sourcecode.swift; path = Carousel3D.swift; sourceTree = "<group>"; };
		E756413129BD68C3001AD73F /* OrderAttributes.swift */ = {isa = PBXFileReference; lastKnownFileType = sourcecode.swift; path = OrderAttributes.swift; sourceTree = "<group>"; };
		E756413429BD71DB001AD73F /* WidgetView.swift */ = {isa = PBXFileReference; lastKnownFileType = sourcecode.swift; path = WidgetView.swift; sourceTree = "<group>"; };
		E756413629BD7489001AD73F /* Info.plist */ = {isa = PBXFileReference; lastKnownFileType = text.plist; path = Info.plist; sourceTree = "<group>"; };
		E756413829BF59BE001AD73F /* MapBottomSheetView.swift */ = {isa = PBXFileReference; lastKnownFileType = sourcecode.swift; path = MapBottomSheetView.swift; sourceTree = "<group>"; };
		E756413A29BF59E2001AD73F /* AlbumModel.swift */ = {isa = PBXFileReference; lastKnownFileType = sourcecode.swift; path = AlbumModel.swift; sourceTree = "<group>"; };
		E756413D29BF6D8B001AD73F /* BallAnimationView.swift */ = {isa = PBXFileReference; lastKnownFileType = sourcecode.swift; path = BallAnimationView.swift; sourceTree = "<group>"; };
		E756414029C0B04E001AD73F /* BookHomeView.swift */ = {isa = PBXFileReference; fileEncoding = 4; lastKnownFileType = sourcecode.swift; path = BookHomeView.swift; sourceTree = "<group>"; };
		E756414129C0B04E001AD73F /* Book.swift */ = {isa = PBXFileReference; fileEncoding = 4; lastKnownFileType = sourcecode.swift; path = Book.swift; sourceTree = "<group>"; };
		E756414229C0B04E001AD73F /* IsometricView.swift */ = {isa = PBXFileReference; fileEncoding = 4; lastKnownFileType = sourcecode.swift; path = IsometricView.swift; sourceTree = "<group>"; };
		E756414729C0B242001AD73F /* IntroView.swift */ = {isa = PBXFileReference; fileEncoding = 4; lastKnownFileType = sourcecode.swift; path = IntroView.swift; sourceTree = "<group>"; };
		E756414829C0B242001AD73F /* Intro.swift */ = {isa = PBXFileReference; fileEncoding = 4; lastKnownFileType = sourcecode.swift; path = Intro.swift; sourceTree = "<group>"; };
		E756414C29C0B47D001AD73F /* SwipeCardView.swift */ = {isa = PBXFileReference; fileEncoding = 4; lastKnownFileType = sourcecode.swift; path = SwipeCardView.swift; sourceTree = "<group>"; };
		E756414D29C0B47D001AD73F /* Message.swift */ = {isa = PBXFileReference; fileEncoding = 4; lastKnownFileType = sourcecode.swift; path = Message.swift; sourceTree = "<group>"; };
		E79A2EB629AE38D100916D7E /* CryptoWidgetExtension.appex */ = {isa = PBXFileReference; explicitFileType = "wrapper.app-extension"; includeInIndex = 0; path = CryptoWidgetExtension.appex; sourceTree = BUILT_PRODUCTS_DIR; };
		E79A2EB829AE38D100916D7E /* WidgetKit.framework */ = {isa = PBXFileReference; lastKnownFileType = wrapper.framework; name = WidgetKit.framework; path = System/Library/Frameworks/WidgetKit.framework; sourceTree = SDKROOT; };
		E79A2EBA29AE38D100916D7E /* SwiftUI.framework */ = {isa = PBXFileReference; lastKnownFileType = wrapper.framework; name = SwiftUI.framework; path = System/Library/Frameworks/SwiftUI.framework; sourceTree = SDKROOT; };
		E79A2EBD29AE38D100916D7E /* CryptoWidgetBundle.swift */ = {isa = PBXFileReference; lastKnownFileType = sourcecode.swift; path = CryptoWidgetBundle.swift; sourceTree = "<group>"; };
		E79A2EBF29AE38D100916D7E /* CryptoWidgetLiveActivity.swift */ = {isa = PBXFileReference; lastKnownFileType = sourcecode.swift; path = CryptoWidgetLiveActivity.swift; sourceTree = "<group>"; };
		E79A2EC129AE38D100916D7E /* CryptoWidget.swift */ = {isa = PBXFileReference; lastKnownFileType = sourcecode.swift; path = CryptoWidget.swift; sourceTree = "<group>"; };
		E79A2EC329AE38D100916D7E /* CryptoWidget.intentdefinition */ = {isa = PBXFileReference; lastKnownFileType = file.intentdefinition; path = CryptoWidget.intentdefinition; sourceTree = "<group>"; };
		E79A2EC429AE38D200916D7E /* Assets.xcassets */ = {isa = PBXFileReference; lastKnownFileType = folder.assetcatalog; path = Assets.xcassets; sourceTree = "<group>"; };
		E79A2EC629AE38D200916D7E /* Info.plist */ = {isa = PBXFileReference; lastKnownFileType = text.plist.xml; path = Info.plist; sourceTree = "<group>"; };
		E79A2ED029AE46F200916D7E /* data.json */ = {isa = PBXFileReference; lastKnownFileType = text.json; path = data.json; sourceTree = "<group>"; };
		E79A2ED329AF937100916D7E /* VerifyCode.swift */ = {isa = PBXFileReference; lastKnownFileType = sourcecode.swift; path = VerifyCode.swift; sourceTree = "<group>"; };
		E79A2ED629B0E47B00916D7E /* TopTab.swift */ = {isa = PBXFileReference; lastKnownFileType = sourcecode.swift; path = TopTab.swift; sourceTree = "<group>"; };
		E79A2ED829B0E48F00916D7E /* DetailView.swift */ = {isa = PBXFileReference; lastKnownFileType = sourcecode.swift; path = DetailView.swift; sourceTree = "<group>"; };
		E79A2EDB29B0F36800916D7E /* DropDownView.swift */ = {isa = PBXFileReference; lastKnownFileType = sourcecode.swift; path = DropDownView.swift; sourceTree = "<group>"; };
		E79A2EDE29B2436C00916D7E /* RollingText.swift */ = {isa = PBXFileReference; lastKnownFileType = sourcecode.swift; path = RollingText.swift; sourceTree = "<group>"; };
		E7B0123929A1B877008947AF /* SwiftUIDemo.app */ = {isa = PBXFileReference; explicitFileType = wrapper.application; includeInIndex = 0; path = SwiftUIDemo.app; sourceTree = BUILT_PRODUCTS_DIR; };
		E7B0123C29A1B877008947AF /* SwiftUIDemoApp.swift */ = {isa = PBXFileReference; lastKnownFileType = sourcecode.swift; path = SwiftUIDemoApp.swift; sourceTree = "<group>"; };
		E7B0123E29A1B877008947AF /* ContentView.swift */ = {isa = PBXFileReference; lastKnownFileType = sourcecode.swift; path = ContentView.swift; sourceTree = "<group>"; };
		E7B0124029A1B878008947AF /* Assets.xcassets */ = {isa = PBXFileReference; lastKnownFileType = folder.assetcatalog; path = Assets.xcassets; sourceTree = "<group>"; };
		E7B0124329A1B878008947AF /* Preview Assets.xcassets */ = {isa = PBXFileReference; lastKnownFileType = folder.assetcatalog; path = "Preview Assets.xcassets"; sourceTree = "<group>"; };
		E7B0124D29A1C0D5008947AF /* TinderCard.swift */ = {isa = PBXFileReference; lastKnownFileType = sourcecode.swift; path = TinderCard.swift; sourceTree = "<group>"; };
		E7B0124F29A1DF85008947AF /* User.swift */ = {isa = PBXFileReference; lastKnownFileType = sourcecode.swift; path = User.swift; sourceTree = "<group>"; };
		E7B0125129A1E073008947AF /* HomeViewModel.swift */ = {isa = PBXFileReference; lastKnownFileType = sourcecode.swift; path = HomeViewModel.swift; sourceTree = "<group>"; };
		E7B0125329A1E2BD008947AF /* StackCardView.swift */ = {isa = PBXFileReference; lastKnownFileType = sourcecode.swift; path = StackCardView.swift; sourceTree = "<group>"; };
		E7B0125729A1FC66008947AF /* ClockView.swift */ = {isa = PBXFileReference; fileEncoding = 4; lastKnownFileType = sourcecode.swift; path = ClockView.swift; sourceTree = "<group>"; };
		E7B0125B29A20E59008947AF /* YFHeartLike.swift */ = {isa = PBXFileReference; fileEncoding = 4; lastKnownFileType = sourcecode.swift; path = YFHeartLike.swift; sourceTree = "<group>"; };
		E7B0125C29A20E59008947AF /* LikeHome.swift */ = {isa = PBXFileReference; fileEncoding = 4; lastKnownFileType = sourcecode.swift; path = LikeHome.swift; sourceTree = "<group>"; };
		E7B0125E29A20E59008947AF /* Post.swift */ = {isa = PBXFileReference; fileEncoding = 4; lastKnownFileType = sourcecode.swift; path = Post.swift; sourceTree = "<group>"; };
		E7FC331729A79F5400EA19B7 /* ViewLoop.swift */ = {isa = PBXFileReference; lastKnownFileType = sourcecode.swift; path = ViewLoop.swift; sourceTree = "<group>"; };
		E7FC331A29A7A4A700EA19B7 /* TaskManager.swift */ = {isa = PBXFileReference; lastKnownFileType = sourcecode.swift; path = TaskManager.swift; sourceTree = "<group>"; };
		E7FC331C29A7A77B00EA19B7 /* Ubuntu.swift */ = {isa = PBXFileReference; lastKnownFileType = sourcecode.swift; path = Ubuntu.swift; sourceTree = "<group>"; };
		E7FC332029A7C29F00EA19B7 /* AddTaskView.swift */ = {isa = PBXFileReference; lastKnownFileType = sourcecode.swift; path = AddTaskView.swift; sourceTree = "<group>"; };
/* End PBXFileReference section */

/* Begin PBXFrameworksBuildPhase section */
		E79A2EB329AE38D100916D7E /* Frameworks */ = {
			isa = PBXFrameworksBuildPhase;
			buildActionMask = 2147483647;
			files = (
				E79A2EBB29AE38D100916D7E /* SwiftUI.framework in Frameworks */,
				E79A2EB929AE38D100916D7E /* WidgetKit.framework in Frameworks */,
			);
			runOnlyForDeploymentPostprocessing = 0;
		};
		E7B0123629A1B877008947AF /* Frameworks */ = {
			isa = PBXFrameworksBuildPhase;
			buildActionMask = 2147483647;
			files = (
			);
			runOnlyForDeploymentPostprocessing = 0;
		};
/* End PBXFrameworksBuildPhase section */

/* Begin PBXGroup section */
		E700E4BF29BC2B97005ABA07 /* 可折叠头部 */ = {
			isa = PBXGroup;
			children = (
				E700E4C029BC3154005ABA07 /* PayListView.swift */,
			);
			path = "可折叠头部";
			sourceTree = "<group>";
		};
		E756412A29BC5151001AD73F /* 顶部搜索栏菜单动画 */ = {
			isa = PBXGroup;
			children = (
				E756412B29BC517B001AD73F /* SearchNavView.swift */,
			);
			path = "顶部搜索栏菜单动画";
			sourceTree = "<group>";
		};
		E756412D29BCA3F2001AD73F /* 3D轮播图 */ = {
			isa = PBXGroup;
			children = (
				E756412E29BCA424001AD73F /* Carousel3D.swift */,
			);
			path = "3D轮播图";
			sourceTree = "<group>";
		};
		E756413029BD617B001AD73F /* 灵动岛 */ = {
			isa = PBXGroup;
			children = (
				E756413129BD68C3001AD73F /* OrderAttributes.swift */,
				E756413429BD71DB001AD73F /* WidgetView.swift */,
			);
			path = "灵动岛";
			sourceTree = "<group>";
		};
		E756413729BF5960001AD73F /* 可滑动弹框 */ = {
			isa = PBXGroup;
			children = (
				E756413829BF59BE001AD73F /* MapBottomSheetView.swift */,
				E756413A29BF59E2001AD73F /* AlbumModel.swift */,
			);
			path = "可滑动弹框";
			sourceTree = "<group>";
		};
		E756413C29BF6D3A001AD73F /* 液态动画 */ = {
			isa = PBXGroup;
			children = (
				E756413D29BF6D8B001AD73F /* BallAnimationView.swift */,
			);
			path = "液态动画";
			sourceTree = "<group>";
		};
		E756413F29C0B016001AD73F /* 书本动画 */ = {
			isa = PBXGroup;
			children = (
				E756414129C0B04E001AD73F /* Book.swift */,
				E756414029C0B04E001AD73F /* BookHomeView.swift */,
				E756414229C0B04E001AD73F /* IsometricView.swift */,
			);
			path = "书本动画";
			sourceTree = "<group>";
		};
		E756414629C0B21A001AD73F /* 流程页动画 */ = {
			isa = PBXGroup;
			children = (
				E756414829C0B242001AD73F /* Intro.swift */,
				E756414729C0B242001AD73F /* IntroView.swift */,
			);
			path = "流程页动画";
			sourceTree = "<group>";
		};
		E756414B29C0B453001AD73F /* 折叠卡片翻页动画 */ = {
			isa = PBXGroup;
			children = (
				E756414C29C0B47D001AD73F /* SwipeCardView.swift */,
				E756414D29C0B47D001AD73F /* Message.swift */,
			);
			path = "折叠卡片翻页动画";
			sourceTree = "<group>";
		};
		E79A2EB729AE38D100916D7E /* Frameworks */ = {
			isa = PBXGroup;
			children = (
				E79A2EB829AE38D100916D7E /* WidgetKit.framework */,
				E79A2EBA29AE38D100916D7E /* SwiftUI.framework */,
			);
			name = Frameworks;
			sourceTree = "<group>";
		};
		E79A2EBC29AE38D100916D7E /* CryptoWidget */ = {
			isa = PBXGroup;
			children = (
				E79A2EBD29AE38D100916D7E /* CryptoWidgetBundle.swift */,
				E79A2EBF29AE38D100916D7E /* CryptoWidgetLiveActivity.swift */,
				E79A2EC129AE38D100916D7E /* CryptoWidget.swift */,
				E79A2ED029AE46F200916D7E /* data.json */,
				E79A2EC329AE38D100916D7E /* CryptoWidget.intentdefinition */,
				E79A2EC429AE38D200916D7E /* Assets.xcassets */,
				E79A2EC629AE38D200916D7E /* Info.plist */,
			);
			path = CryptoWidget;
			sourceTree = "<group>";
		};
		E79A2ED229AF935300916D7E /* VerifyCode */ = {
			isa = PBXGroup;
			children = (
				E79A2ED329AF937100916D7E /* VerifyCode.swift */,
			);
			path = VerifyCode;
			sourceTree = "<group>";
		};
		E79A2ED529B0E3AD00916D7E /* 3D分段选择器 */ = {
			isa = PBXGroup;
			children = (
				E79A2ED629B0E47B00916D7E /* TopTab.swift */,
				E79A2ED829B0E48F00916D7E /* DetailView.swift */,
			);
			path = "3D分段选择器";
			sourceTree = "<group>";
		};
		E79A2EDA29B0F34000916D7E /* 下拉选择框 */ = {
			isa = PBXGroup;
			children = (
				E79A2EDB29B0F36800916D7E /* DropDownView.swift */,
			);
			path = "下拉选择框";
			sourceTree = "<group>";
		};
		E79A2EDD29B2432600916D7E /* 滚动数字 */ = {
			isa = PBXGroup;
			children = (
				E79A2EDE29B2436C00916D7E /* RollingText.swift */,
			);
			path = "滚动数字";
			sourceTree = "<group>";
		};
		E7B0123029A1B877008947AF = {
			isa = PBXGroup;
			children = (
				E7B0123B29A1B877008947AF /* SwiftUIDemo */,
				E79A2EBC29AE38D100916D7E /* CryptoWidget */,
				E79A2EB729AE38D100916D7E /* Frameworks */,
				E7B0123A29A1B877008947AF /* Products */,
			);
			sourceTree = "<group>";
		};
		E7B0123A29A1B877008947AF /* Products */ = {
			isa = PBXGroup;
			children = (
				E7B0123929A1B877008947AF /* SwiftUIDemo.app */,
				E79A2EB629AE38D100916D7E /* CryptoWidgetExtension.appex */,
			);
			name = Products;
			sourceTree = "<group>";
		};
		E7B0123B29A1B877008947AF /* SwiftUIDemo */ = {
			isa = PBXGroup;
			children = (
				E756414B29C0B453001AD73F /* 折叠卡片翻页动画 */,
				E756414629C0B21A001AD73F /* 流程页动画 */,
				E756413F29C0B016001AD73F /* 书本动画 */,
				E756413C29BF6D3A001AD73F /* 液态动画 */,
				E756413729BF5960001AD73F /* 可滑动弹框 */,
				E756413629BD7489001AD73F /* Info.plist */,
				E756413029BD617B001AD73F /* 灵动岛 */,
				E756412D29BCA3F2001AD73F /* 3D轮播图 */,
				E756412A29BC5151001AD73F /* 顶部搜索栏菜单动画 */,
				E700E4BF29BC2B97005ABA07 /* 可折叠头部 */,
				E79A2EDD29B2432600916D7E /* 滚动数字 */,
				E79A2EDA29B0F34000916D7E /* 下拉选择框 */,
				E79A2ED529B0E3AD00916D7E /* 3D分段选择器 */,
				E79A2ED229AF935300916D7E /* VerifyCode */,
				E7FC331929A7A49500EA19B7 /* TaskManager */,
				E7FC331629A79F3C00EA19B7 /* ViewLoop */,
				E7B0125929A20E25008947AF /* LikeAnimation */,
				E7B0125629A1FC3A008947AF /* ClockUI */,
				E7B0125529A1F305008947AF /* TinderCardUI */,
				E7B0123C29A1B877008947AF /* SwiftUIDemoApp.swift */,
				E7B0123E29A1B877008947AF /* ContentView.swift */,
				E7B0124029A1B878008947AF /* Assets.xcassets */,
				E7B0124229A1B878008947AF /* Preview Content */,
			);
			path = SwiftUIDemo;
			sourceTree = "<group>";
		};
		E7B0124229A1B878008947AF /* Preview Content */ = {
			isa = PBXGroup;
			children = (
				E7B0124329A1B878008947AF /* Preview Assets.xcassets */,
			);
			path = "Preview Content";
			sourceTree = "<group>";
		};
		E7B0124A29A1C09F008947AF /* Model */ = {
			isa = PBXGroup;
			children = (
				E7B0124F29A1DF85008947AF /* User.swift */,
			);
			path = Model;
			sourceTree = "<group>";
		};
		E7B0124B29A1C0AB008947AF /* View */ = {
			isa = PBXGroup;
			children = (
				E7B0124D29A1C0D5008947AF /* TinderCard.swift */,
				E7B0125329A1E2BD008947AF /* StackCardView.swift */,
			);
			path = View;
			sourceTree = "<group>";
		};
		E7B0124C29A1C0B1008947AF /* ViewModel */ = {
			isa = PBXGroup;
			children = (
				E7B0125129A1E073008947AF /* HomeViewModel.swift */,
			);
			path = ViewModel;
			sourceTree = "<group>";
		};
		E7B0125529A1F305008947AF /* TinderCardUI */ = {
			isa = PBXGroup;
			children = (
				E7B0124B29A1C0AB008947AF /* View */,
				E7B0124C29A1C0B1008947AF /* ViewModel */,
				E7B0124A29A1C09F008947AF /* Model */,
			);
			path = TinderCardUI;
			sourceTree = "<group>";
		};
		E7B0125629A1FC3A008947AF /* ClockUI */ = {
			isa = PBXGroup;
			children = (
				E7B0125729A1FC66008947AF /* ClockView.swift */,
			);
			path = ClockUI;
			sourceTree = "<group>";
		};
		E7B0125929A20E25008947AF /* LikeAnimation */ = {
			isa = PBXGroup;
			children = (
				E7B0125B29A20E59008947AF /* YFHeartLike.swift */,
				E7B0125C29A20E59008947AF /* LikeHome.swift */,
				E7B0125E29A20E59008947AF /* Post.swift */,
			);
			path = LikeAnimation;
			sourceTree = "<group>";
		};
		E7FC331629A79F3C00EA19B7 /* ViewLoop */ = {
			isa = PBXGroup;
			children = (
				E7FC331729A79F5400EA19B7 /* ViewLoop.swift */,
			);
			path = ViewLoop;
			sourceTree = "<group>";
		};
		E7FC331929A7A49500EA19B7 /* TaskManager */ = {
			isa = PBXGroup;
			children = (
				E7FC331A29A7A4A700EA19B7 /* TaskManager.swift */,
				E7FC331C29A7A77B00EA19B7 /* Ubuntu.swift */,
				E7FC332029A7C29F00EA19B7 /* AddTaskView.swift */,
			);
			path = TaskManager;
			sourceTree = "<group>";
		};
/* End PBXGroup section */

/* Begin PBXNativeTarget section */
		E79A2EB529AE38D100916D7E /* CryptoWidgetExtension */ = {
			isa = PBXNativeTarget;
			buildConfigurationList = E79A2ECC29AE38D200916D7E /* Build configuration list for PBXNativeTarget "CryptoWidgetExtension" */;
			buildPhases = (
				E79A2EB229AE38D100916D7E /* Sources */,
				E79A2EB329AE38D100916D7E /* Frameworks */,
				E79A2EB429AE38D100916D7E /* Resources */,
			);
			buildRules = (
			);
			dependencies = (
			);
			name = CryptoWidgetExtension;
			productName = CryptoWidgetExtension;
			productReference = E79A2EB629AE38D100916D7E /* CryptoWidgetExtension.appex */;
			productType = "com.apple.product-type.app-extension";
		};
		E7B0123829A1B877008947AF /* SwiftUIDemo */ = {
			isa = PBXNativeTarget;
			buildConfigurationList = E7B0124729A1B878008947AF /* Build configuration list for PBXNativeTarget "SwiftUIDemo" */;
			buildPhases = (
				E7B0123529A1B877008947AF /* Sources */,
				E7B0123629A1B877008947AF /* Frameworks */,
				E7B0123729A1B877008947AF /* Resources */,
				E79A2ECF29AE38D200916D7E /* Embed Foundation Extensions */,
			);
			buildRules = (
			);
			dependencies = (
				E79A2ECA29AE38D200916D7E /* PBXTargetDependency */,
			);
			name = SwiftUIDemo;
			productName = SwiftUIDemo;
			productReference = E7B0123929A1B877008947AF /* SwiftUIDemo.app */;
			productType = "com.apple.product-type.application";
		};
/* End PBXNativeTarget section */

/* Begin PBXProject section */
		E7B0123129A1B877008947AF /* Project object */ = {
			isa = PBXProject;
			attributes = {
				BuildIndependentTargetsInParallel = 1;
				LastSwiftUpdateCheck = 1420;
				LastUpgradeCheck = 1420;
				TargetAttributes = {
					E79A2EB529AE38D100916D7E = {
						CreatedOnToolsVersion = 14.2;
					};
					E7B0123829A1B877008947AF = {
						CreatedOnToolsVersion = 14.2;
					};
				};
			};
			buildConfigurationList = E7B0123429A1B877008947AF /* Build configuration list for PBXProject "SwiftUIDemo" */;
			compatibilityVersion = "Xcode 14.0";
			developmentRegion = en;
			hasScannedForEncodings = 0;
			knownRegions = (
				en,
				Base,
			);
			mainGroup = E7B0123029A1B877008947AF;
			productRefGroup = E7B0123A29A1B877008947AF /* Products */;
			projectDirPath = "";
			projectRoot = "";
			targets = (
				E7B0123829A1B877008947AF /* SwiftUIDemo */,
				E79A2EB529AE38D100916D7E /* CryptoWidgetExtension */,
			);
		};
/* End PBXProject section */

/* Begin PBXResourcesBuildPhase section */
		E79A2EB429AE38D100916D7E /* Resources */ = {
			isa = PBXResourcesBuildPhase;
			buildActionMask = 2147483647;
			files = (
				E79A2EC529AE38D200916D7E /* Assets.xcassets in Resources */,
				E79A2ED129AE46F200916D7E /* data.json in Resources */,
			);
			runOnlyForDeploymentPostprocessing = 0;
		};
		E7B0123729A1B877008947AF /* Resources */ = {
			isa = PBXResourcesBuildPhase;
			buildActionMask = 2147483647;
			files = (
				E7B0124429A1B878008947AF /* Preview Assets.xcassets in Resources */,
				E7B0124129A1B878008947AF /* Assets.xcassets in Resources */,
			);
			runOnlyForDeploymentPostprocessing = 0;
		};
/* End PBXResourcesBuildPhase section */

/* Begin PBXSourcesBuildPhase section */
		E79A2EB229AE38D100916D7E /* Sources */ = {
			isa = PBXSourcesBuildPhase;
			buildActionMask = 2147483647;
			files = (
				E79A2EBE29AE38D100916D7E /* CryptoWidgetBundle.swift in Sources */,
				E79A2EC229AE38D100916D7E /* CryptoWidget.swift in Sources */,
				E756413329BD68C3001AD73F /* OrderAttributes.swift in Sources */,
				E79A2EC029AE38D100916D7E /* CryptoWidgetLiveActivity.swift in Sources */,
				E79A2EC729AE38D200916D7E /* CryptoWidget.intentdefinition in Sources */,
			);
			runOnlyForDeploymentPostprocessing = 0;
		};
		E7B0123529A1B877008947AF /* Sources */ = {
			isa = PBXSourcesBuildPhase;
			buildActionMask = 2147483647;
			files = (
				E7FC331829A79F5400EA19B7 /* ViewLoop.swift in Sources */,
				E79A2EDC29B0F36800916D7E /* DropDownView.swift in Sources */,
				E7B0125029A1DF85008947AF /* User.swift in Sources */,
				E756414329C0B04E001AD73F /* BookHomeView.swift in Sources */,
				E7B0126029A20E59008947AF /* LikeHome.swift in Sources */,
				E756413E29BF6D8B001AD73F /* BallAnimationView.swift in Sources */,
				E756414E29C0B47D001AD73F /* SwipeCardView.swift in Sources */,
				E756413929BF59BE001AD73F /* MapBottomSheetView.swift in Sources */,
				E79A2ED729B0E47B00916D7E /* TopTab.swift in Sources */,
				E756414529C0B04E001AD73F /* IsometricView.swift in Sources */,
				E756414429C0B04E001AD73F /* Book.swift in Sources */,
				E700E4C129BC3154005ABA07 /* PayListView.swift in Sources */,
				E7B0123F29A1B877008947AF /* ContentView.swift in Sources */,
				E7FC331D29A7A77B00EA19B7 /* Ubuntu.swift in Sources */,
				E756412F29BCA424001AD73F /* Carousel3D.swift in Sources */,
				E7B0124E29A1C0D5008947AF /* TinderCard.swift in Sources */,
				E7FC332129A7C29F00EA19B7 /* AddTaskView.swift in Sources */,
				E7B0125429A1E2BD008947AF /* StackCardView.swift in Sources */,
				E756414929C0B242001AD73F /* IntroView.swift in Sources */,
				E756413B29BF59E2001AD73F /* AlbumModel.swift in Sources */,
				E756413529BD71DB001AD73F /* WidgetView.swift in Sources */,
				E756414A29C0B242001AD73F /* Intro.swift in Sources */,
				E756413229BD68C3001AD73F /* OrderAttributes.swift in Sources */,
				E7FC331B29A7A4A700EA19B7 /* TaskManager.swift in Sources */,
				E79A2EDF29B2436C00916D7E /* RollingText.swift in Sources */,
				E79A2ED429AF937100916D7E /* VerifyCode.swift in Sources */,
				E7B0125F29A20E59008947AF /* YFHeartLike.swift in Sources */,
				E756414F29C0B47D001AD73F /* Message.swift in Sources */,
				E7B0125829A1FC66008947AF /* ClockView.swift in Sources */,
				E79A2EC829AE38D200916D7E /* CryptoWidget.intentdefinition in Sources */,
				E7B0125229A1E073008947AF /* HomeViewModel.swift in Sources */,
				E7B0123D29A1B877008947AF /* SwiftUIDemoApp.swift in Sources */,
				E79A2ED929B0E48F00916D7E /* DetailView.swift in Sources */,
				E756412C29BC517B001AD73F /* SearchNavView.swift in Sources */,
				E7B0126129A20E59008947AF /* Post.swift in Sources */,
			);
			runOnlyForDeploymentPostprocessing = 0;
		};
/* End PBXSourcesBuildPhase section */

/* Begin PBXTargetDependency section */
		E79A2ECA29AE38D200916D7E /* PBXTargetDependency */ = {
			isa = PBXTargetDependency;
			target = E79A2EB529AE38D100916D7E /* CryptoWidgetExtension */;
			targetProxy = E79A2EC929AE38D200916D7E /* PBXContainerItemProxy */;
		};
/* End PBXTargetDependency section */

/* Begin XCBuildConfiguration section */
		E79A2ECD29AE38D200916D7E /* Debug */ = {
			isa = XCBuildConfiguration;
			buildSettings = {
				ASSETCATALOG_COMPILER_GLOBAL_ACCENT_COLOR_NAME = AccentColor;
				ASSETCATALOG_COMPILER_WIDGET_BACKGROUND_COLOR_NAME = WidgetBackground;
				CODE_SIGN_STYLE = Automatic;
				CURRENT_PROJECT_VERSION = 1;
				DEVELOPMENT_TEAM = KWDK5F6KU5;
				GENERATE_INFOPLIST_FILE = YES;
				INFOPLIST_FILE = CryptoWidget/Info.plist;
				INFOPLIST_KEY_CFBundleDisplayName = CryptoWidget;
				INFOPLIST_KEY_NSHumanReadableCopyright = "";
				IPHONEOS_DEPLOYMENT_TARGET = 16.2;
				LD_RUNPATH_SEARCH_PATHS = (
					"$(inherited)",
					"@executable_path/Frameworks",
					"@executable_path/../../Frameworks",
				);
				MARKETING_VERSION = 1.0;
				PRODUCT_BUNDLE_IDENTIFIER = con.lurich.SwiftUIDemo.CryptoWidget;
				PRODUCT_NAME = "$(TARGET_NAME)";
				SKIP_INSTALL = YES;
				SWIFT_EMIT_LOC_STRINGS = YES;
				SWIFT_VERSION = 5.0;
				TARGETED_DEVICE_FAMILY = "1,2";
			};
			name = Debug;
		};
		E79A2ECE29AE38D200916D7E /* Release */ = {
			isa = XCBuildConfiguration;
			buildSettings = {
				ASSETCATALOG_COMPILER_GLOBAL_ACCENT_COLOR_NAME = AccentColor;
				ASSETCATALOG_COMPILER_WIDGET_BACKGROUND_COLOR_NAME = WidgetBackground;
				CODE_SIGN_STYLE = Automatic;
				CURRENT_PROJECT_VERSION = 1;
				DEVELOPMENT_TEAM = KWDK5F6KU5;
				GENERATE_INFOPLIST_FILE = YES;
				INFOPLIST_FILE = CryptoWidget/Info.plist;
				INFOPLIST_KEY_CFBundleDisplayName = CryptoWidget;
				INFOPLIST_KEY_NSHumanReadableCopyright = "";
				IPHONEOS_DEPLOYMENT_TARGET = 16.2;
				LD_RUNPATH_SEARCH_PATHS = (
					"$(inherited)",
					"@executable_path/Frameworks",
					"@executable_path/../../Frameworks",
				);
				MARKETING_VERSION = 1.0;
				PRODUCT_BUNDLE_IDENTIFIER = con.lurich.SwiftUIDemo.CryptoWidget;
				PRODUCT_NAME = "$(TARGET_NAME)";
				SKIP_INSTALL = YES;
				SWIFT_EMIT_LOC_STRINGS = YES;
				SWIFT_VERSION = 5.0;
				TARGETED_DEVICE_FAMILY = "1,2";
			};
			name = Release;
		};
		E7B0124529A1B878008947AF /* Debug */ = {
			isa = XCBuildConfiguration;
			buildSettings = {
				ALWAYS_SEARCH_USER_PATHS = NO;
				CLANG_ANALYZER_NONNULL = YES;
				CLANG_ANALYZER_NUMBER_OBJECT_CONVERSION = YES_AGGRESSIVE;
				CLANG_CXX_LANGUAGE_STANDARD = "gnu++20";
				CLANG_ENABLE_MODULES = YES;
				CLANG_ENABLE_OBJC_ARC = YES;
				CLANG_ENABLE_OBJC_WEAK = YES;
				CLANG_WARN_BLOCK_CAPTURE_AUTORELEASING = YES;
				CLANG_WARN_BOOL_CONVERSION = YES;
				CLANG_WARN_COMMA = YES;
				CLANG_WARN_CONSTANT_CONVERSION = YES;
				CLANG_WARN_DEPRECATED_OBJC_IMPLEMENTATIONS = YES;
				CLANG_WARN_DIRECT_OBJC_ISA_USAGE = YES_ERROR;
				CLANG_WARN_DOCUMENTATION_COMMENTS = YES;
				CLANG_WARN_EMPTY_BODY = YES;
				CLANG_WARN_ENUM_CONVERSION = YES;
				CLANG_WARN_INFINITE_RECURSION = YES;
				CLANG_WARN_INT_CONVERSION = YES;
				CLANG_WARN_NON_LITERAL_NULL_CONVERSION = YES;
				CLANG_WARN_OBJC_IMPLICIT_RETAIN_SELF = YES;
				CLANG_WARN_OBJC_LITERAL_CONVERSION = YES;
				CLANG_WARN_OBJC_ROOT_CLASS = YES_ERROR;
				CLANG_WARN_QUOTED_INCLUDE_IN_FRAMEWORK_HEADER = YES;
				CLANG_WARN_RANGE_LOOP_ANALYSIS = YES;
				CLANG_WARN_STRICT_PROTOTYPES = YES;
				CLANG_WARN_SUSPICIOUS_MOVE = YES;
				CLANG_WARN_UNGUARDED_AVAILABILITY = YES_AGGRESSIVE;
				CLANG_WARN_UNREACHABLE_CODE = YES;
				CLANG_WARN__DUPLICATE_METHOD_MATCH = YES;
				COPY_PHASE_STRIP = NO;
				DEBUG_INFORMATION_FORMAT = dwarf;
				ENABLE_STRICT_OBJC_MSGSEND = YES;
				ENABLE_TESTABILITY = YES;
				GCC_C_LANGUAGE_STANDARD = gnu11;
				GCC_DYNAMIC_NO_PIC = NO;
				GCC_NO_COMMON_BLOCKS = YES;
				GCC_OPTIMIZATION_LEVEL = 0;
				GCC_PREPROCESSOR_DEFINITIONS = (
					"DEBUG=1",
					"$(inherited)",
				);
				GCC_WARN_64_TO_32_BIT_CONVERSION = YES;
				GCC_WARN_ABOUT_RETURN_TYPE = YES_ERROR;
				GCC_WARN_UNDECLARED_SELECTOR = YES;
				GCC_WARN_UNINITIALIZED_AUTOS = YES_AGGRESSIVE;
				GCC_WARN_UNUSED_FUNCTION = YES;
				GCC_WARN_UNUSED_VARIABLE = YES;
				IPHONEOS_DEPLOYMENT_TARGET = 16.2;
				MTL_ENABLE_DEBUG_INFO = INCLUDE_SOURCE;
				MTL_FAST_MATH = YES;
				ONLY_ACTIVE_ARCH = YES;
				SDKROOT = iphoneos;
				SWIFT_ACTIVE_COMPILATION_CONDITIONS = DEBUG;
				SWIFT_OPTIMIZATION_LEVEL = "-Onone";
			};
			name = Debug;
		};
		E7B0124629A1B878008947AF /* Release */ = {
			isa = XCBuildConfiguration;
			buildSettings = {
				ALWAYS_SEARCH_USER_PATHS = NO;
				CLANG_ANALYZER_NONNULL = YES;
				CLANG_ANALYZER_NUMBER_OBJECT_CONVERSION = YES_AGGRESSIVE;
				CLANG_CXX_LANGUAGE_STANDARD = "gnu++20";
				CLANG_ENABLE_MODULES = YES;
				CLANG_ENABLE_OBJC_ARC = YES;
				CLANG_ENABLE_OBJC_WEAK = YES;
				CLANG_WARN_BLOCK_CAPTURE_AUTORELEASING = YES;
				CLANG_WARN_BOOL_CONVERSION = YES;
				CLANG_WARN_COMMA = YES;
				CLANG_WARN_CONSTANT_CONVERSION = YES;
				CLANG_WARN_DEPRECATED_OBJC_IMPLEMENTATIONS = YES;
				CLANG_WARN_DIRECT_OBJC_ISA_USAGE = YES_ERROR;
				CLANG_WARN_DOCUMENTATION_COMMENTS = YES;
				CLANG_WARN_EMPTY_BODY = YES;
				CLANG_WARN_ENUM_CONVERSION = YES;
				CLANG_WARN_INFINITE_RECURSION = YES;
				CLANG_WARN_INT_CONVERSION = YES;
				CLANG_WARN_NON_LITERAL_NULL_CONVERSION = YES;
				CLANG_WARN_OBJC_IMPLICIT_RETAIN_SELF = YES;
				CLANG_WARN_OBJC_LITERAL_CONVERSION = YES;
				CLANG_WARN_OBJC_ROOT_CLASS = YES_ERROR;
				CLANG_WARN_QUOTED_INCLUDE_IN_FRAMEWORK_HEADER = YES;
				CLANG_WARN_RANGE_LOOP_ANALYSIS = YES;
				CLANG_WARN_STRICT_PROTOTYPES = YES;
				CLANG_WARN_SUSPICIOUS_MOVE = YES;
				CLANG_WARN_UNGUARDED_AVAILABILITY = YES_AGGRESSIVE;
				CLANG_WARN_UNREACHABLE_CODE = YES;
				CLANG_WARN__DUPLICATE_METHOD_MATCH = YES;
				COPY_PHASE_STRIP = NO;
				DEBUG_INFORMATION_FORMAT = "dwarf-with-dsym";
				ENABLE_NS_ASSERTIONS = NO;
				ENABLE_STRICT_OBJC_MSGSEND = YES;
				GCC_C_LANGUAGE_STANDARD = gnu11;
				GCC_NO_COMMON_BLOCKS = YES;
				GCC_WARN_64_TO_32_BIT_CONVERSION = YES;
				GCC_WARN_ABOUT_RETURN_TYPE = YES_ERROR;
				GCC_WARN_UNDECLARED_SELECTOR = YES;
				GCC_WARN_UNINITIALIZED_AUTOS = YES_AGGRESSIVE;
				GCC_WARN_UNUSED_FUNCTION = YES;
				GCC_WARN_UNUSED_VARIABLE = YES;
				IPHONEOS_DEPLOYMENT_TARGET = 16.2;
				MTL_ENABLE_DEBUG_INFO = NO;
				MTL_FAST_MATH = YES;
				SDKROOT = iphoneos;
				SWIFT_COMPILATION_MODE = wholemodule;
				SWIFT_OPTIMIZATION_LEVEL = "-O";
				VALIDATE_PRODUCT = YES;
			};
			name = Release;
		};
		E7B0124829A1B878008947AF /* Debug */ = {
			isa = XCBuildConfiguration;
			buildSettings = {
				ALWAYS_EMBED_SWIFT_STANDARD_LIBRARIES = YES;
				ASSETCATALOG_COMPILER_APPICON_NAME = AppIcon;
				ASSETCATALOG_COMPILER_GLOBAL_ACCENT_COLOR_NAME = AccentColor;
				CODE_SIGN_STYLE = Automatic;
				CURRENT_PROJECT_VERSION = 1;
				DEVELOPMENT_ASSET_PATHS = "\"SwiftUIDemo/Preview Content\"";
				DEVELOPMENT_TEAM = KWDK5F6KU5;
				ENABLE_PREVIEWS = YES;
				GENERATE_INFOPLIST_FILE = YES;
				INFOPLIST_FILE = SwiftUIDemo/Info.plist;
				INFOPLIST_KEY_NSSupportsLiveActivities = YES;
				INFOPLIST_KEY_UIApplicationSceneManifest_Generation = YES;
				INFOPLIST_KEY_UIApplicationSupportsIndirectInputEvents = YES;
				INFOPLIST_KEY_UILaunchScreen_Generation = YES;
				INFOPLIST_KEY_UISupportedInterfaceOrientations_iPad = "UIInterfaceOrientationPortrait UIInterfaceOrientationPortraitUpsideDown UIInterfaceOrientationLandscapeLeft UIInterfaceOrientationLandscapeRight";
				INFOPLIST_KEY_UISupportedInterfaceOrientations_iPhone = "UIInterfaceOrientationPortrait UIInterfaceOrientationLandscapeLeft UIInterfaceOrientationLandscapeRight";
				IPHONEOS_DEPLOYMENT_TARGET = 16.1;
				LD_RUNPATH_SEARCH_PATHS = (
					"$(inherited)",
					"@executable_path/Frameworks",
				);
				MARKETING_VERSION = 1.0;
				PRODUCT_BUNDLE_IDENTIFIER = con.lurich.SwiftUIDemo;
				PRODUCT_NAME = "$(TARGET_NAME)";
				SUPPORTED_PLATFORMS = "iphoneos iphonesimulator";
				SUPPORTS_MACCATALYST = NO;
				SUPPORTS_MAC_DESIGNED_FOR_IPHONE_IPAD = NO;
				SWIFT_EMIT_LOC_STRINGS = YES;
				SWIFT_VERSION = 5.0;
				TARGETED_DEVICE_FAMILY = "1,2";
			};
			name = Debug;
		};
		E7B0124929A1B878008947AF /* Release */ = {
			isa = XCBuildConfiguration;
			buildSettings = {
				ALWAYS_EMBED_SWIFT_STANDARD_LIBRARIES = YES;
				ASSETCATALOG_COMPILER_APPICON_NAME = AppIcon;
				ASSETCATALOG_COMPILER_GLOBAL_ACCENT_COLOR_NAME = AccentColor;
				CODE_SIGN_STYLE = Automatic;
				CURRENT_PROJECT_VERSION = 1;
				DEVELOPMENT_ASSET_PATHS = "\"SwiftUIDemo/Preview Content\"";
				DEVELOPMENT_TEAM = KWDK5F6KU5;
				ENABLE_PREVIEWS = YES;
				GENERATE_INFOPLIST_FILE = YES;
				INFOPLIST_FILE = SwiftUIDemo/Info.plist;
				INFOPLIST_KEY_NSSupportsLiveActivities = YES;
				INFOPLIST_KEY_UIApplicationSceneManifest_Generation = YES;
				INFOPLIST_KEY_UIApplicationSupportsIndirectInputEvents = YES;
				INFOPLIST_KEY_UILaunchScreen_Generation = YES;
				INFOPLIST_KEY_UISupportedInterfaceOrientations_iPad = "UIInterfaceOrientationPortrait UIInterfaceOrientationPortraitUpsideDown UIInterfaceOrientationLandscapeLeft UIInterfaceOrientationLandscapeRight";
				INFOPLIST_KEY_UISupportedInterfaceOrientations_iPhone = "UIInterfaceOrientationPortrait UIInterfaceOrientationLandscapeLeft UIInterfaceOrientationLandscapeRight";
				IPHONEOS_DEPLOYMENT_TARGET = 16.1;
				LD_RUNPATH_SEARCH_PATHS = (
					"$(inherited)",
					"@executable_path/Frameworks",
				);
				MARKETING_VERSION = 1.0;
				PRODUCT_BUNDLE_IDENTIFIER = con.lurich.SwiftUIDemo;
				PRODUCT_NAME = "$(TARGET_NAME)";
				SUPPORTED_PLATFORMS = "iphoneos iphonesimulator";
				SUPPORTS_MACCATALYST = NO;
				SUPPORTS_MAC_DESIGNED_FOR_IPHONE_IPAD = NO;
				SWIFT_EMIT_LOC_STRINGS = YES;
				SWIFT_VERSION = 5.0;
				TARGETED_DEVICE_FAMILY = "1,2";
			};
			name = Release;
		};
/* End XCBuildConfiguration section */

/* Begin XCConfigurationList section */
		E79A2ECC29AE38D200916D7E /* Build configuration list for PBXNativeTarget "CryptoWidgetExtension" */ = {
			isa = XCConfigurationList;
			buildConfigurations = (
				E79A2ECD29AE38D200916D7E /* Debug */,
				E79A2ECE29AE38D200916D7E /* Release */,
			);
			defaultConfigurationIsVisible = 0;
			defaultConfigurationName = Release;
		};
		E7B0123429A1B877008947AF /* Build configuration list for PBXProject "SwiftUIDemo" */ = {
			isa = XCConfigurationList;
			buildConfigurations = (
				E7B0124529A1B878008947AF /* Debug */,
				E7B0124629A1B878008947AF /* Release */,
			);
			defaultConfigurationIsVisible = 0;
			defaultConfigurationName = Release;
		};
		E7B0124729A1B878008947AF /* Build configuration list for PBXNativeTarget "SwiftUIDemo" */ = {
			isa = XCConfigurationList;
			buildConfigurations = (
				E7B0124829A1B878008947AF /* Debug */,
				E7B0124929A1B878008947AF /* Release */,
			);
			defaultConfigurationIsVisible = 0;
			defaultConfigurationName = Release;
		};
/* End XCConfigurationList section */
	};
	rootObject = E7B0123129A1B877008947AF /* Project object */;
}
